PODS:
  - mixpanelFlutter (0.1.0):
    - mixpanelFlutter/MixpanelFlutterDebug (= 0.1.0)
    - mixpanelFlutter/MixpanelFlutterRelease (= 0.1.0)
  - mixpanelFlutter/MixpanelFlutterDebug (0.1.0)
  - mixpanelFlutter/MixpanelFlutterRelease (0.1.0)

DEPENDENCIES:
  - mixpanelFlutter (from `../`)

EXTERNAL SOURCES:
  mixpanelFlutter:
    :path: "../"

SPEC CHECKSUMS:
  mixpanelFlutter: e0668a82673106d2ddae09ad21ca19d78436ef47

PODFILE CHECKSUM: f0d4c6ea3557bf3722fb855e474dd13c6ac9daa9

COCOAPODS: 1.10.0
